{
  "lockfileVersion": 1,
  "sources": {
    "mols3131d/mols-agent-assets": {
      "requestedRef": "main",
      "resolvedRef": "6daae9c25d7f4a33ec3c0abcfb0fa259f559b720",
      "resolvedAt": "2026-09-14T04:58:29.120Z",
      "skills": {
        "text-humanize-korean": {
          "integrity": "sha256-4cfb7bff27a8888f8c7bb690b6e1f6cf31a9226a112dec746d36d4eebc49c79b"
        },
        "technical-document-fidelity": {
          "integrity": "sha256-ae0cd88ac490bb23e52d909f030750e1177f6f59fa6c3749d6f2bef2edb01a78"
        },
        "mols-mermaid-diagram": {
          "integrity": "sha256-da671d353ab39b2bbd5ec6675e7c0bf67e2937c5bf1f71a028b4b74923edf76e"
        },
        "mols-mermaid-chart": {
          "integrity": "sha256-b12a3c7ac7cab501778842571ee739672014fd4913b2e01953a218967c06a204"
        },
        "mols-markdown-maintenance": {
          "integrity": "sha256-360d1b22d74b8027004d60b266c8a4adf040c8adbad11526fac61fb14ccbcb43"
        },
        "mols-loops": {
          "integrity": "sha256-f3f3de0ae4d899fe029748440d537b2a0624074e238a575dce7565916efa5c9f"
        },
        "mols-documentation": {
          "integrity": "sha256-1f7ec4eb7ee2c3597e0fda64c6a224e58e0cf1bb3c4be33c53e5a5cae3dff8dc"
        },
        "mols-coding-context": {
          "integrity": "sha256-af62134c63221d4f34da41d3ead4f2fe7559887e7615b7a3bec92831731cfa5d"
        },
        "mols-coding-context-python": {
          "integrity": "sha256-e2798e4258fa49212fffb3df22e12879e8b4e9644ad25736ec07f650818cbec4"
        },
        "mols-code-comprehension-refactor": {
          "integrity": "sha256-98d64024af13225b0b1764712e11cb66233d461062c31dabb65fc26b50366073"
        },
        "mols-clarify-code": {
          "integrity": "sha256-b472713479ed4a45d2d7b9f83f8dcf6a5d82b1e66a3988166e75b1a68585fc10"
        },
        "mols-ci-design": {
          "integrity": "sha256-d1e45b38bab766af738f50b2828ce615eacf2ec4d63b5c8cd9b83b31344161b5"
        },
        "mols-chatbot-bootstrap": {
          "integrity": "sha256-bbd2c76d95263bc4beb579ff727219a39f3ad922f3339c00254c1f902a3c7687"
        },
        "mols-agent-asset": {
          "integrity": "sha256-ba10320d7fadba56e9619c4336d3d6adb57c52fcd2f2a45b8347ffe5d8b84d59"
        },
        "mols-agent-asset-find": {
          "integrity": "sha256-6ace67d927da8eedcdd359593ddcbd7a80d97a2fa9cab42288f634116382aef6"
        },
        "guidance-context": {
          "integrity": "sha256-c159b50eafb82b34b4c7473cf89c87d34ec4428b72c58541e258608f80ef2f08"
        }
      },
      "skillSelection": [
        "guidance-context",
        "mols-agent-asset",
        "mols-agent-asset-find",
        "mols-chatbot-bootstrap",
        "mols-ci-design",
        "mols-clarify-code",
        "mols-code-comprehension-refactor",
        "mols-coding-context",
        "mols-coding-context-python",
        "mols-documentation",
        "mols-loops",
        "mols-markdown-maintenance",
        "mols-mermaid-chart",
        "mols-mermaid-diagram",
        "technical-document-fidelity",
        "text-humanize-korean"
      ]
    }
  }
}
